
Microsoft Visual Studio Solution File, Format Version 12.00
# Visual Studio Version 16
VisualStudioVersion = 16.0.31025.194
MinimumVisualStudioVersion = 10.0.40219.1
Project("{FAE04EC0-301F-11D3-BF4B-00C04F79EFBC}") = "Задание 3", "Задание 3\Задание 3.csproj", "{3422F573-F441-4455-93C9-AC48DDED3649}"
EndProject
Global
	GlobalSection(SolutionConfigurationPlatforms) = preSolution
		Debug|Any CPU = Debug|Any CPU
		Release|Any CPU = Release|Any CPU
	EndGlobalSection
	GlobalSection(ProjectConfigurationPlatforms) = postSolution
		{3422F573-F441-4455-93C9-AC48DDED3649}.Debug|Any CPU.ActiveCfg = Debug|Any CPU
		{3422F573-F441-4455-93C9-AC48DDED3649}.Debug|Any CPU.Build.0 = Debug|Any CPU
		{3422F573-F441-4455-93C9-AC48DDED3649}.Release|Any CPU.ActiveCfg = Release|Any CPU
		{3422F573-F441-4455-93C9-AC48DDED3649}.Release|Any CPU.Build.0 = Release|Any CPU
	EndGlobalSection
	GlobalSection(SolutionProperties) = preSolution
		HideSolutionNode = FALSE
	EndGlobalSection
	GlobalSection(ExtensibilityGlobals) = postSolution
		SolutionGuid = {1F08C82B-F4AA-4C98-A728-1DF6586A642F}
	EndGlobalSection
EndGlobal
