
Microsoft Visual Studio Solution File, Format Version 12.00
Project("{FAE04EC0-301F-11D3-BF4B-00C04F79EFBC}") = "Урок 3 Задание 2", "Урок 3 Задание 2\Урок 3 Задание 2.csproj", "{FCEF1DA3-F1B9-4444-8E6B-20BFC959590C}"
EndProject
Global
	GlobalSection(SolutionConfigurationPlatforms) = preSolution
		Debug|Any CPU = Debug|Any CPU
		Release|Any CPU = Release|Any CPU
	EndGlobalSection
	GlobalSection(ProjectConfigurationPlatforms) = postSolution
		{FCEF1DA3-F1B9-4444-8E6B-20BFC959590C}.Debug|Any CPU.ActiveCfg = Debug|Any CPU
		{FCEF1DA3-F1B9-4444-8E6B-20BFC959590C}.Debug|Any CPU.Build.0 = Debug|Any CPU
		{FCEF1DA3-F1B9-4444-8E6B-20BFC959590C}.Release|Any CPU.ActiveCfg = Release|Any CPU
		{FCEF1DA3-F1B9-4444-8E6B-20BFC959590C}.Release|Any CPU.Build.0 = Release|Any CPU
	EndGlobalSection
EndGlobal
